// !$*UTF8*$!
{
	archiveVersion = 1;
	classes = {
	};
	objectVersion = 46;
	objects = {

/* Begin PBXBuildFile section */
		67182B371A59D01E000F3772 /* AppDelegate.swift in Sources */ = {isa = PBXBuildFile; fileRef = 67182B361A59D01E000F3772 /* AppDelegate.swift */; };
		67182B3A1A59D01E000F3772 /* MasonryScrollViewExample.xcdatamodeld in Sources */ = {isa = PBXBuildFile; fileRef = 67182B381A59D01E000F3772 /* MasonryScrollViewExample.xcdatamodeld */; };
		67182B3C1A59D01E000F3772 /* ViewController.swift in Sources */ = {isa = PBXBuildFile; fileRef = 67182B3B1A59D01E000F3772 /* ViewController.swift */; };
		67182B3F1A59D01E000F3772 /* Main.storyboard in Resources */ = {isa = PBXBuildFile; fileRef = 67182B3D1A59D01E000F3772 /* Main.storyboard */; };
		67182B411A59D01E000F3772 /* Images.xcassets in Resources */ = {isa = PBXBuildFile; fileRef = 67182B401A59D01E000F3772 /* Images.xcassets */; };
		67182B441A59D01E000F3772 /* LaunchScreen.xib in Resources */ = {isa = PBXBuildFile; fileRef = 67182B421A59D01E000F3772 /* LaunchScreen.xib */; };
		67182B501A59D01E000F3772 /* MasonryScrollViewExampleTests.swift in Sources */ = {isa = PBXBuildFile; fileRef = 67182B4F1A59D01E000F3772 /* MasonryScrollViewExampleTests.swift */; };
		67182B721A59D0E7000F3772 /* MASCompositeConstraint.m in Sources */ = {isa = PBXBuildFile; fileRef = 67182B5C1A59D0E7000F3772 /* MASCompositeConstraint.m */; };
		67182B731A59D0E7000F3772 /* MASConstraint.m in Sources */ = {isa = PBXBuildFile; fileRef = 67182B5F1A59D0E7000F3772 /* MASConstraint.m */; };
		67182B741A59D0E7000F3772 /* MASConstraintMaker.m in Sources */ = {isa = PBXBuildFile; fileRef = 67182B611A59D0E7000F3772 /* MASConstraintMaker.m */; };
		67182B751A59D0E7000F3772 /* MASLayoutConstraint.m in Sources */ = {isa = PBXBuildFile; fileRef = 67182B631A59D0E7000F3772 /* MASLayoutConstraint.m */; };
		67182B761A59D0E7000F3772 /* MASViewAttribute.m in Sources */ = {isa = PBXBuildFile; fileRef = 67182B671A59D0E7000F3772 /* MASViewAttribute.m */; };
		67182B771A59D0E7000F3772 /* MASViewConstraint.m in Sources */ = {isa = PBXBuildFile; fileRef = 67182B691A59D0E7000F3772 /* MASViewConstraint.m */; };
		67182B781A59D0E7000F3772 /* NSArray+MASAdditions.m in Sources */ = {isa = PBXBuildFile; fileRef = 67182B6B1A59D0E7000F3772 /* NSArray+MASAdditions.m */; };
		67182B791A59D0E7000F3772 /* NSLayoutConstraint+MASDebugAdditions.m in Sources */ = {isa = PBXBuildFile; fileRef = 67182B6E1A59D0E7000F3772 /* NSLayoutConstraint+MASDebugAdditions.m */; };
		67182B7A1A59D0E7000F3772 /* View+MASAdditions.m in Sources */ = {isa = PBXBuildFile; fileRef = 67182B701A59D0E7000F3772 /* View+MASAdditions.m */; };
		67182B831A5B4D2A000F3772 /* ExpandingView.swift in Sources */ = {isa = PBXBuildFile; fileRef = 67182B821A5B4D2A000F3772 /* ExpandingView.swift */; };
/* End PBXBuildFile section */

/* Begin PBXContainerItemProxy section */
		67182B4A1A59D01E000F3772 /* PBXContainerItemProxy */ = {
			isa = PBXContainerItemProxy;
			containerPortal = 67182B291A59D01E000F3772 /* Project object */;
			proxyType = 1;
			remoteGlobalIDString = 67182B301A59D01E000F3772;
			remoteInfo = MasonryScrollViewExample;
		};
/* End PBXContainerItemProxy section */

/* Begin PBXFileReference section */
		67182B311A59D01E000F3772 /* MasonryScrollViewExample.app */ = {isa = PBXFileReference; explicitFileType = wrapper.application; includeInIndex = 0; path = MasonryScrollViewExample.app; sourceTree = BUILT_PRODUCTS_DIR; };
		67182B351A59D01E000F3772 /* Info.plist */ = {isa = PBXFileReference; lastKnownFileType = text.plist.xml; path = Info.plist; sourceTree = "<group>"; };
		67182B361A59D01E000F3772 /* AppDelegate.swift */ = {isa = PBXFileReference; lastKnownFileType = sourcecode.swift; path = AppDelegate.swift; sourceTree = "<group>"; };
		67182B391A59D01E000F3772 /* MasonryScrollViewExample.xcdatamodel */ = {isa = PBXFileReference; lastKnownFileType = wrapper.xcdatamodel; path = MasonryScrollViewExample.xcdatamodel; sourceTree = "<group>"; };
		67182B3B1A59D01E000F3772 /* ViewController.swift */ = {isa = PBXFileReference; lastKnownFileType = sourcecode.swift; path = ViewController.swift; sourceTree = "<group>"; };
		67182B3E1A59D01E000F3772 /* Base */ = {isa = PBXFileReference; lastKnownFileType = file.storyboard; name = Base; path = Base.lproj/Main.storyboard; sourceTree = "<group>"; };
		67182B401A59D01E000F3772 /* Images.xcassets */ = {isa = PBXFileReference; lastKnownFileType = folder.assetcatalog; path = Images.xcassets; sourceTree = "<group>"; };
		67182B431A59D01E000F3772 /* Base */ = {isa = PBXFileReference; lastKnownFileType = file.xib; name = Base; path = Base.lproj/LaunchScreen.xib; sourceTree = "<group>"; };
		67182B491A59D01E000F3772 /* MasonryScrollViewExampleTests.xctest */ = {isa = PBXFileReference; explicitFileType = wrapper.cfbundle; includeInIndex = 0; path = MasonryScrollViewExampleTests.xctest; sourceTree = BUILT_PRODUCTS_DIR; };
		67182B4E1A59D01E000F3772 /* Info.plist */ = {isa = PBXFileReference; lastKnownFileType = text.plist.xml; path = Info.plist; sourceTree = "<group>"; };
		67182B4F1A59D01E000F3772 /* MasonryScrollViewExampleTests.swift */ = {isa = PBXFileReference; lastKnownFileType = sourcecode.swift; path = MasonryScrollViewExampleTests.swift; sourceTree = "<group>"; };
		67182B5B1A59D0E7000F3772 /* MASCompositeConstraint.h */ = {isa = PBXFileReference; fileEncoding = 4; lastKnownFileType = sourcecode.c.h; path = MASCompositeConstraint.h; sourceTree = "<group>"; };
		67182B5C1A59D0E7000F3772 /* MASCompositeConstraint.m */ = {isa = PBXFileReference; fileEncoding = 4; lastKnownFileType = sourcecode.c.objc; path = MASCompositeConstraint.m; sourceTree = "<group>"; };
		67182B5D1A59D0E7000F3772 /* MASConstraint+Private.h */ = {isa = PBXFileReference; fileEncoding = 4; lastKnownFileType = sourcecode.c.h; path = "MASConstraint+Private.h"; sourceTree = "<group>"; };
		67182B5E1A59D0E7000F3772 /* MASConstraint.h */ = {isa = PBXFileReference; fileEncoding = 4; lastKnownFileType = sourcecode.c.h; path = MASConstraint.h; sourceTree = "<group>"; };
		67182B5F1A59D0E7000F3772 /* MASConstraint.m */ = {isa = PBXFileReference; fileEncoding = 4; lastKnownFileType = sourcecode.c.objc; path = MASConstraint.m; sourceTree = "<group>"; };
		67182B601A59D0E7000F3772 /* MASConstraintMaker.h */ = {isa = PBXFileReference; fileEncoding = 4; lastKnownFileType = sourcecode.c.h; path = MASConstraintMaker.h; sourceTree = "<group>"; };
		67182B611A59D0E7000F3772 /* MASConstraintMaker.m */ = {isa = PBXFileReference; fileEncoding = 4; lastKnownFileType = sourcecode.c.objc; path = MASConstraintMaker.m; sourceTree = "<group>"; };
		67182B621A59D0E7000F3772 /* MASLayoutConstraint.h */ = {isa = PBXFileReference; fileEncoding = 4; lastKnownFileType = sourcecode.c.h; path = MASLayoutConstraint.h; sourceTree = "<group>"; };
		67182B631A59D0E7000F3772 /* MASLayoutConstraint.m */ = {isa = PBXFileReference; fileEncoding = 4; lastKnownFileType = sourcecode.c.objc; path = MASLayoutConstraint.m; sourceTree = "<group>"; };
		67182B641A59D0E7000F3772 /* Masonry.h */ = {isa = PBXFileReference; fileEncoding = 4; lastKnownFileType = sourcecode.c.h; path = Masonry.h; sourceTree = "<group>"; };
		67182B651A59D0E7000F3772 /* MASUtilities.h */ = {isa = PBXFileReference; fileEncoding = 4; lastKnownFileType = sourcecode.c.h; path = MASUtilities.h; sourceTree = "<group>"; };
		67182B661A59D0E7000F3772 /* MASViewAttribute.h */ = {isa = PBXFileReference; fileEncoding = 4; lastKnownFileType = sourcecode.c.h; path = MASViewAttribute.h; sourceTree = "<group>"; };
		67182B671A59D0E7000F3772 /* MASViewAttribute.m */ = {isa = PBXFileReference; fileEncoding = 4; lastKnownFileType = sourcecode.c.objc; path = MASViewAttribute.m; sourceTree = "<group>"; };
		67182B681A59D0E7000F3772 /* MASViewConstraint.h */ = {isa = PBXFileReference; fileEncoding = 4; lastKnownFileType = sourcecode.c.h; path = MASViewConstraint.h; sourceTree = "<group>"; };
		67182B691A59D0E7000F3772 /* MASViewConstraint.m */ = {isa = PBXFileReference; fileEncoding = 4; lastKnownFileType = sourcecode.c.objc; path = MASViewConstraint.m; sourceTree = "<group>"; };
		67182B6A1A59D0E7000F3772 /* NSArray+MASAdditions.h */ = {isa = PBXFileReference; fileEncoding = 4; lastKnownFileType = sourcecode.c.h; path = "NSArray+MASAdditions.h"; sourceTree = "<group>"; };
		67182B6B1A59D0E7000F3772 /* NSArray+MASAdditions.m */ = {isa = PBXFileReference; fileEncoding = 4; lastKnownFileType = sourcecode.c.objc; path = "NSArray+MASAdditions.m"; sourceTree = "<group>"; };
		67182B6C1A59D0E7000F3772 /* NSArray+MASShorthandAdditions.h */ = {isa = PBXFileReference; fileEncoding = 4; lastKnownFileType = sourcecode.c.h; path = "NSArray+MASShorthandAdditions.h"; sourceTree = "<group>"; };
		67182B6D1A59D0E7000F3772 /* NSLayoutConstraint+MASDebugAdditions.h */ = {isa = PBXFileReference; fileEncoding = 4; lastKnownFileType = sourcecode.c.h; path = "NSLayoutConstraint+MASDebugAdditions.h"; sourceTree = "<group>"; };
		67182B6E1A59D0E7000F3772 /* NSLayoutConstraint+MASDebugAdditions.m */ = {isa = PBXFileReference; fileEncoding = 4; lastKnownFileType = sourcecode.c.objc; path = "NSLayoutConstraint+MASDebugAdditions.m"; sourceTree = "<group>"; };
		67182B6F1A59D0E7000F3772 /* View+MASAdditions.h */ = {isa = PBXFileReference; fileEncoding = 4; lastKnownFileType = sourcecode.c.h; path = "View+MASAdditions.h"; sourceTree = "<group>"; };
		67182B701A59D0E7000F3772 /* View+MASAdditions.m */ = {isa = PBXFileReference; fileEncoding = 4; lastKnownFileType = sourcecode.c.objc; path = "View+MASAdditions.m"; sourceTree = "<group>"; };
		67182B711A59D0E7000F3772 /* View+MASShorthandAdditions.h */ = {isa = PBXFileReference; fileEncoding = 4; lastKnownFileType = sourcecode.c.h; path = "View+MASShorthandAdditions.h"; sourceTree = "<group>"; };
		67182B7B1A59D18A000F3772 /* HeaderBridge.h */ = {isa = PBXFileReference; lastKnownFileType = sourcecode.c.h; path = HeaderBridge.h; sourceTree = "<group>"; };
		67182B821A5B4D2A000F3772 /* ExpandingView.swift */ = {isa = PBXFileReference; fileEncoding = 4; lastKnownFileType = sourcecode.swift; path = ExpandingView.swift; sourceTree = "<group>"; };
/* End PBXFileReference section */

/* Begin PBXFrameworksBuildPhase section */
		67182B2E1A59D01E000F3772 /* Frameworks */ = {
			isa = PBXFrameworksBuildPhase;
			buildActionMask = 2147483647;
			files = (
			);
			runOnlyForDeploymentPostprocessing = 0;
		};
		67182B461A59D01E000F3772 /* Frameworks */ = {
			isa = PBXFrameworksBuildPhase;
			buildActionMask = 2147483647;
			files = (
			);
			runOnlyForDeploymentPostprocessing = 0;
		};
/* End PBXFrameworksBuildPhase section */

/* Begin PBXGroup section */
		67182B281A59D01E000F3772 = {
			isa = PBXGroup;
			children = (
				67182B7B1A59D18A000F3772 /* HeaderBridge.h */,
				67182B331A59D01E000F3772 /* MasonryScrollViewExample */,
				67182B4C1A59D01E000F3772 /* MasonryScrollViewExampleTests */,
				67182B321A59D01E000F3772 /* Products */,
			);
			sourceTree = "<group>";
		};
		67182B321A59D01E000F3772 /* Products */ = {
			isa = PBXGroup;
			children = (
				67182B311A59D01E000F3772 /* MasonryScrollViewExample.app */,
				67182B491A59D01E000F3772 /* MasonryScrollViewExampleTests.xctest */,
			);
			name = Products;
			sourceTree = "<group>";
		};
		67182B331A59D01E000F3772 /* MasonryScrollViewExample */ = {
			isa = PBXGroup;
			children = (
				67182B361A59D01E000F3772 /* AppDelegate.swift */,
				67182B5A1A59D0E7000F3772 /* Masonry */,
				67182B3B1A59D01E000F3772 /* ViewController.swift */,
				67182B821A5B4D2A000F3772 /* ExpandingView.swift */,
				67182B3D1A59D01E000F3772 /* Main.storyboard */,
				67182B401A59D01E000F3772 /* Images.xcassets */,
				67182B421A59D01E000F3772 /* LaunchScreen.xib */,
				67182B381A59D01E000F3772 /* MasonryScrollViewExample.xcdatamodeld */,
				67182B341A59D01E000F3772 /* Supporting Files */,
			);
			path = MasonryScrollViewExample;
			sourceTree = "<group>";
		};
		67182B341A59D01E000F3772 /* Supporting Files */ = {
			isa = PBXGroup;
			children = (
				67182B351A59D01E000F3772 /* Info.plist */,
			);
			name = "Supporting Files";
			sourceTree = "<group>";
		};
		67182B4C1A59D01E000F3772 /* MasonryScrollViewExampleTests */ = {
			isa = PBXGroup;
			children = (
				67182B4F1A59D01E000F3772 /* MasonryScrollViewExampleTests.swift */,
				67182B4D1A59D01E000F3772 /* Supporting Files */,
			);
			path = MasonryScrollViewExampleTests;
			sourceTree = "<group>";
		};
		67182B4D1A59D01E000F3772 /* Supporting Files */ = {
			isa = PBXGroup;
			children = (
				67182B4E1A59D01E000F3772 /* Info.plist */,
			);
			name = "Supporting Files";
			sourceTree = "<group>";
		};
		67182B5A1A59D0E7000F3772 /* Masonry */ = {
			isa = PBXGroup;
			children = (
				67182B5B1A59D0E7000F3772 /* MASCompositeConstraint.h */,
				67182B5C1A59D0E7000F3772 /* MASCompositeConstraint.m */,
				67182B5D1A59D0E7000F3772 /* MASConstraint+Private.h */,
				67182B5E1A59D0E7000F3772 /* MASConstraint.h */,
				67182B5F1A59D0E7000F3772 /* MASConstraint.m */,
				67182B601A59D0E7000F3772 /* MASConstraintMaker.h */,
				67182B611A59D0E7000F3772 /* MASConstraintMaker.m */,
				67182B621A59D0E7000F3772 /* MASLayoutConstraint.h */,
				67182B631A59D0E7000F3772 /* MASLayoutConstraint.m */,
				67182B641A59D0E7000F3772 /* Masonry.h */,
				67182B651A59D0E7000F3772 /* MASUtilities.h */,
				67182B661A59D0E7000F3772 /* MASViewAttribute.h */,
				67182B671A59D0E7000F3772 /* MASViewAttribute.m */,
				67182B681A59D0E7000F3772 /* MASViewConstraint.h */,
				67182B691A59D0E7000F3772 /* MASViewConstraint.m */,
				67182B6A1A59D0E7000F3772 /* NSArray+MASAdditions.h */,
				67182B6B1A59D0E7000F3772 /* NSArray+MASAdditions.m */,
				67182B6C1A59D0E7000F3772 /* NSArray+MASShorthandAdditions.h */,
				67182B6D1A59D0E7000F3772 /* NSLayoutConstraint+MASDebugAdditions.h */,
				67182B6E1A59D0E7000F3772 /* NSLayoutConstraint+MASDebugAdditions.m */,
				67182B6F1A59D0E7000F3772 /* View+MASAdditions.h */,
				67182B701A59D0E7000F3772 /* View+MASAdditions.m */,
				67182B711A59D0E7000F3772 /* View+MASShorthandAdditions.h */,
			);
			path = Masonry;
			sourceTree = "<group>";
		};
/* End PBXGroup section */

/* Begin PBXNativeTarget section */
		67182B301A59D01E000F3772 /* MasonryScrollViewExample */ = {
			isa = PBXNativeTarget;
			buildConfigurationList = 67182B531A59D01E000F3772 /* Build configuration list for PBXNativeTarget "MasonryScrollViewExample" */;
			buildPhases = (
				67182B2D1A59D01E000F3772 /* Sources */,
				67182B2E1A59D01E000F3772 /* Frameworks */,
				67182B2F1A59D01E000F3772 /* Resources */,
			);
			buildRules = (
			);
			dependencies = (
			);
			name = MasonryScrollViewExample;
			productName = MasonryScrollViewExample;
			productReference = 67182B311A59D01E000F3772 /* MasonryScrollViewExample.app */;
			productType = "com.apple.product-type.application";
		};
		67182B481A59D01E000F3772 /* MasonryScrollViewExampleTests */ = {
			isa = PBXNativeTarget;
			buildConfigurationList = 67182B561A59D01E000F3772 /* Build configuration list for PBXNativeTarget "MasonryScrollViewExampleTests" */;
			buildPhases = (
				67182B451A59D01E000F3772 /* Sources */,
				67182B461A59D01E000F3772 /* Frameworks */,
				67182B471A59D01E000F3772 /* Resources */,
			);
			buildRules = (
			);
			dependencies = (
				67182B4B1A59D01E000F3772 /* PBXTargetDependency */,
			);
			name = MasonryScrollViewExampleTests;
			productName = MasonryScrollViewExampleTests;
			productReference = 67182B491A59D01E000F3772 /* MasonryScrollViewExampleTests.xctest */;
			productType = "com.apple.product-type.bundle.unit-test";
		};
/* End PBXNativeTarget section */

/* Begin PBXProject section */
		67182B291A59D01E000F3772 /* Project object */ = {
			isa = PBXProject;
			attributes = {
				LastUpgradeCheck = 0610;
				ORGANIZATIONNAME = "Damien Bell";
				TargetAttributes = {
					67182B301A59D01E000F3772 = {
						CreatedOnToolsVersion = 6.1.1;
					};
					67182B481A59D01E000F3772 = {
						CreatedOnToolsVersion = 6.1.1;
						TestTargetID = 67182B301A59D01E000F3772;
					};
				};
			};
			buildConfigurationList = 67182B2C1A59D01E000F3772 /* Build configuration list for PBXProject "MasonryScrollViewExample" */;
			compatibilityVersion = "Xcode 3.2";
			developmentRegion = English;
			hasScannedForEncodings = 0;
			knownRegions = (
				en,
				Base,
			);
			mainGroup = 67182B281A59D01E000F3772;
			productRefGroup = 67182B321A59D01E000F3772 /* Products */;
			projectDirPath = "";
			projectRoot = "";
			targets = (
				67182B301A59D01E000F3772 /* MasonryScrollViewExample */,
				67182B481A59D01E000F3772 /* MasonryScrollViewExampleTests */,
			);
		};
/* End PBXProject section */

/* Begin PBXResourcesBuildPhase section */
		67182B2F1A59D01E000F3772 /* Resources */ = {
			isa = PBXResourcesBuildPhase;
			buildActionMask = 2147483647;
			files = (
				67182B3F1A59D01E000F3772 /* Main.storyboard in Resources */,
				67182B441A59D01E000F3772 /* LaunchScreen.xib in Resources */,
				67182B411A59D01E000F3772 /* Images.xcassets in Resources */,
			);
			runOnlyForDeploymentPostprocessing = 0;
		};
		67182B471A59D01E000F3772 /* Resources */ = {
			isa = PBXResourcesBuildPhase;
			buildActionMask = 2147483647;
			files = (
			);
			runOnlyForDeploymentPostprocessing = 0;
		};
/* End PBXResourcesBuildPhase section */

/* Begin PBXSourcesBuildPhase section */
		67182B2D1A59D01E000F3772 /* Sources */ = {
			isa = PBXSourcesBuildPhase;
			buildActionMask = 2147483647;
			files = (
				67182B791A59D0E7000F3772 /* NSLayoutConstraint+MASDebugAdditions.m in Sources */,
				67182B771A59D0E7000F3772 /* MASViewConstraint.m in Sources */,
				67182B721A59D0E7000F3772 /* MASCompositeConstraint.m in Sources */,
				67182B781A59D0E7000F3772 /* NSArray+MASAdditions.m in Sources */,
				67182B831A5B4D2A000F3772 /* ExpandingView.swift in Sources */,
				67182B3C1A59D01E000F3772 /* ViewController.swift in Sources */,
				67182B3A1A59D01E000F3772 /* MasonryScrollViewExample.xcdatamodeld in Sources */,
				67182B751A59D0E7000F3772 /* MASLayoutConstraint.m in Sources */,
				67182B371A59D01E000F3772 /* AppDelegate.swift in Sources */,
				67182B7A1A59D0E7000F3772 /* View+MASAdditions.m in Sources */,
				67182B761A59D0E7000F3772 /* MASViewAttribute.m in Sources */,
				67182B731A59D0E7000F3772 /* MASConstraint.m in Sources */,
				67182B741A59D0E7000F3772 /* MASConstraintMaker.m in Sources */,
			);
			runOnlyForDeploymentPostprocessing = 0;
		};
		67182B451A59D01E000F3772 /* Sources */ = {
			isa = PBXSourcesBuildPhase;
			buildActionMask = 2147483647;
			files = (
				67182B501A59D01E000F3772 /* MasonryScrollViewExampleTests.swift in Sources */,
			);
			runOnlyForDeploymentPostprocessing = 0;
		};
/* End PBXSourcesBuildPhase section */

/* Begin PBXTargetDependency section */
		67182B4B1A59D01E000F3772 /* PBXTargetDependency */ = {
			isa = PBXTargetDependency;
			target = 67182B301A59D01E000F3772 /* MasonryScrollViewExample */;
			targetProxy = 67182B4A1A59D01E000F3772 /* PBXContainerItemProxy */;
		};
/* End PBXTargetDependency section */

/* Begin PBXVariantGroup section */
		67182B3D1A59D01E000F3772 /* Main.storyboard */ = {
			isa = PBXVariantGroup;
			children = (
				67182B3E1A59D01E000F3772 /* Base */,
			);
			name = Main.storyboard;
			sourceTree = "<group>";
		};
		67182B421A59D01E000F3772 /* LaunchScreen.xib */ = {
			isa = PBXVariantGroup;
			children = (
				67182B431A59D01E000F3772 /* Base */,
			);
			name = LaunchScreen.xib;
			sourceTree = "<group>";
		};
/* End PBXVariantGroup section */

/* Begin XCBuildConfiguration section */
		67182B511A59D01E000F3772 /* Debug */ = {
			isa = XCBuildConfiguration;
			buildSettings = {
				ALWAYS_SEARCH_USER_PATHS = NO;
				CLANG_CXX_LANGUAGE_STANDARD = "gnu++0x";
				CLANG_CXX_LIBRARY = "libc++";
				CLANG_ENABLE_MODULES = YES;
				CLANG_ENABLE_OBJC_ARC = YES;
				CLANG_WARN_BOOL_CONVERSION = YES;
				CLANG_WARN_CONSTANT_CONVERSION = YES;
				CLANG_WARN_DIRECT_OBJC_ISA_USAGE = YES_ERROR;
				CLANG_WARN_EMPTY_BODY = YES;
				CLANG_WARN_ENUM_CONVERSION = YES;
				CLANG_WARN_INT_CONVERSION = YES;
				CLANG_WARN_OBJC_ROOT_CLASS = YES_ERROR;
				CLANG_WARN_UNREACHABLE_CODE = YES;
				CLANG_WARN__DUPLICATE_METHOD_MATCH = YES;
				"CODE_SIGN_IDENTITY[sdk=iphoneos*]" = "iPhone Developer";
				COPY_PHASE_STRIP = NO;
				ENABLE_STRICT_OBJC_MSGSEND = YES;
				GCC_C_LANGUAGE_STANDARD = gnu99;
				GCC_DYNAMIC_NO_PIC = NO;
				GCC_OPTIMIZATION_LEVEL = 0;
				GCC_PREPROCESSOR_DEFINITIONS = (
					"DEBUG=1",
					"$(inherited)",
				);
				GCC_SYMBOLS_PRIVATE_EXTERN = NO;
				GCC_WARN_64_TO_32_BIT_CONVERSION = YES;
				GCC_WARN_ABOUT_RETURN_TYPE = YES_ERROR;
				GCC_WARN_UNDECLARED_SELECTOR = YES;
				GCC_WARN_UNINITIALIZED_AUTOS = YES_AGGRESSIVE;
				GCC_WARN_UNUSED_FUNCTION = YES;
				GCC_WARN_UNUSED_VARIABLE = YES;
				IPHONEOS_DEPLOYMENT_TARGET = 8.1;
				MTL_ENABLE_DEBUG_INFO = YES;
				ONLY_ACTIVE_ARCH = YES;
				SDKROOT = iphoneos;
				SWIFT_OBJC_BRIDGING_HEADER = HeaderBridge.h;
				SWIFT_OPTIMIZATION_LEVEL = "-Onone";
				TARGETED_DEVICE_FAMILY = "1,2";
			};
			name = Debug;
		};
		67182B521A59D01E000F3772 /* Release */ = {
			isa = XCBuildConfiguration;
			buildSettings = {
				ALWAYS_SEARCH_USER_PATHS = NO;
				CLANG_CXX_LANGUAGE_STANDARD = "gnu++0x";
				CLANG_CXX_LIBRARY = "libc++";
				CLANG_ENABLE_MODULES = YES;
				CLANG_ENABLE_OBJC_ARC = YES;
				CLANG_WARN_BOOL_CONVERSION = YES;
				CLANG_WARN_CONSTANT_CONVERSION = YES;
				CLANG_WARN_DIRECT_OBJC_ISA_USAGE = YES_ERROR;
				CLANG_WARN_EMPTY_BODY = YES;
				CLANG_WARN_ENUM_CONVERSION = YES;
				CLANG_WARN_INT_CONVERSION = YES;
				CLANG_WARN_OBJC_ROOT_CLASS = YES_ERROR;
				CLANG_WARN_UNREACHABLE_CODE = YES;
				CLANG_WARN__DUPLICATE_METHOD_MATCH = YES;
				"CODE_SIGN_IDENTITY[sdk=iphoneos*]" = "iPhone Developer";
				COPY_PHASE_STRIP = YES;
				ENABLE_NS_ASSERTIONS = NO;
				ENABLE_STRICT_OBJC_MSGSEND = YES;
				GCC_C_LANGUAGE_STANDARD = gnu99;
				GCC_WARN_64_TO_32_BIT_CONVERSION = YES;
				GCC_WARN_ABOUT_RETURN_TYPE = YES_ERROR;
				GCC_WARN_UNDECLARED_SELECTOR = YES;
				GCC_WARN_UNINITIALIZED_AUTOS = YES_AGGRESSIVE;
				GCC_WARN_UNUSED_FUNCTION = YES;
				GCC_WARN_UNUSED_VARIABLE = YES;
				IPHONEOS_DEPLOYMENT_TARGET = 8.1;
				MTL_ENABLE_DEBUG_INFO = NO;
				SDKROOT = iphoneos;
				SWIFT_OBJC_BRIDGING_HEADER = HeaderBridge.h;
				TARGETED_DEVICE_FAMILY = "1,2";
				VALIDATE_PRODUCT = YES;
			};
			name = Release;
		};
		67182B541A59D01E000F3772 /* Debug */ = {
			isa = XCBuildConfiguration;
			buildSettings = {
				ASSETCATALOG_COMPILER_APPICON_NAME = AppIcon;
				INFOPLIST_FILE = MasonryScrollViewExample/Info.plist;
				LD_RUNPATH_SEARCH_PATHS = "$(inherited) @executable_path/Frameworks";
				PRODUCT_NAME = "$(TARGET_NAME)";
			};
			name = Debug;
		};
		67182B551A59D01E000F3772 /* Release */ = {
			isa = XCBuildConfiguration;
			buildSettings = {
				ASSETCATALOG_COMPILER_APPICON_NAME = AppIcon;
				INFOPLIST_FILE = MasonryScrollViewExample/Info.plist;
				LD_RUNPATH_SEARCH_PATHS = "$(inherited) @executable_path/Frameworks";
				PRODUCT_NAME = "$(TARGET_NAME)";
			};
			name = Release;
		};
		67182B571A59D01E000F3772 /* Debug */ = {
			isa = XCBuildConfiguration;
			buildSettings = {
				BUNDLE_LOADER = "$(TEST_HOST)";
				FRAMEWORK_SEARCH_PATHS = (
					"$(SDKROOT)/Developer/Library/Frameworks",
					"$(inherited)",
				);
				GCC_PREPROCESSOR_DEFINITIONS = (
					"DEBUG=1",
					"$(inherited)",
				);
				INFOPLIST_FILE = MasonryScrollViewExampleTests/Info.plist;
				LD_RUNPATH_SEARCH_PATHS = "$(inherited) @executable_path/Frameworks @loader_path/Frameworks";
				PRODUCT_NAME = "$(TARGET_NAME)";
				TEST_HOST = "$(BUILT_PRODUCTS_DIR)/MasonryScrollViewExample.app/MasonryScrollViewExample";
			};
			name = Debug;
		};
		67182B581A59D01E000F3772 /* Release */ = {
			isa = XCBuildConfiguration;
			buildSettings = {
				BUNDLE_LOADER = "$(TEST_HOST)";
				FRAMEWORK_SEARCH_PATHS = (
					"$(SDKROOT)/Developer/Library/Frameworks",
					"$(inherited)",
				);
				INFOPLIST_FILE = MasonryScrollViewExampleTests/Info.plist;
				LD_RUNPATH_SEARCH_PATHS = "$(inherited) @executable_path/Frameworks @loader_path/Frameworks";
				PRODUCT_NAME = "$(TARGET_NAME)";
				TEST_HOST = "$(BUILT_PRODUCTS_DIR)/MasonryScrollViewExample.app/MasonryScrollViewExample";
			};
			name = Release;
		};
/* End XCBuildConfiguration section */

/* Begin XCConfigurationList section */
		67182B2C1A59D01E000F3772 /* Build configuration list for PBXProject "MasonryScrollViewExample" */ = {
			isa = XCConfigurationList;
			buildConfigurations = (
				67182B511A59D01E000F3772 /* Debug */,
				67182B521A59D01E000F3772 /* Release */,
			);
			defaultConfigurationIsVisible = 0;
			defaultConfigurationName = Release;
		};
		67182B531A59D01E000F3772 /* Build configuration list for PBXNativeTarget "MasonryScrollViewExample" */ = {
			isa = XCConfigurationList;
			buildConfigurations = (
				67182B541A59D01E000F3772 /* Debug */,
				67182B551A59D01E000F3772 /* Release */,
			);
			defaultConfigurationIsVisible = 0;
			defaultConfigurationName = Release;
		};
		67182B561A59D01E000F3772 /* Build configuration list for PBXNativeTarget "MasonryScrollViewExampleTests" */ = {
			isa = XCConfigurationList;
			buildConfigurations = (
				67182B571A59D01E000F3772 /* Debug */,
				67182B581A59D01E000F3772 /* Release */,
			);
			defaultConfigurationIsVisible = 0;
			defaultConfigurationName = Release;
		};
/* End XCConfigurationList section */

/* Begin XCVersionGroup section */
		67182B381A59D01E000F3772 /* MasonryScrollViewExample.xcdatamodeld */ = {
			isa = XCVersionGroup;
			children = (
				67182B391A59D01E000F3772 /* MasonryScrollViewExample.xcdatamodel */,
			);
			currentVersion = 67182B391A59D01E000F3772 /* MasonryScrollViewExample.xcdatamodel */;
			path = MasonryScrollViewExample.xcdatamodeld;
			sourceTree = "<group>";
			versionGroupType = wrapper.xcdatamodel;
		};
/* End XCVersionGroup section */
	};
	rootObject = 67182B291A59D01E000F3772 /* Project object */;
}
